{
  "name": "wasm-enhance",
  "lockfileVersion": 2,
  "requires": true,
  "packages": {
    "": {
      "devDependencies": {
        "@enhance/enhance-style-transform": "^0.1.2",
        "@enhance/ssr": "^3.5.1",
        "esbuild": "^0.19.11"
      }
    },
    "node_modules/@begin/parse5": {
      "version": "0.0.4",
      "resolved": "https://registry.npmjs.org/@begin/parse5/-/parse5-0.0.4.tgz",
      "integrity": "sha512-1H5S1AcFqpQfBMG0z4z7URFb5jWCrILIH9MkXSmTsyYd4hj4kgJnpXHGELJE9HnXH1maI/WfHi5j+udDVkvZ9g==",
      "dev": true,
      "dependencies": {
        "parse5": "^7.0.0"
      }
    },
    "node_modules/@enhance/css-parser": {
      "version": "1.0.0",
      "resolved": "https://registry.npmjs.org/@enhance/css-parser/-/css-parser-1.0.0.tgz",
      "integrity": "sha512-DG18Jwxvf0WvUtA8VEA+axaIq0aoJzGTd25kdeLDPQcNnq3bWG+TUMPi8oa4btVXwHVyCR7Xsy0jW80m1ZwPow==",
      "dev": true,
      "dependencies": {
        "inherits": "^2.0.4",
        "source-map": "^0.6.1",
        "source-map-resolve": "^0.6.0"
      }
    },
    "node_modules/@enhance/enhance-style-transform": {
      "version": "0.1.2",
      "resolved": "https://registry.npmjs.org/@enhance/enhance-style-transform/-/enhance-style-transform-0.1.2.tgz",
      "integrity": "sha512-Hx/c5PfJl4XYToZaKL0b3o54rq4JX5zKD6Z+Pz6BSygnX0xOOHdWriaXxFKDUl1X/VVVlJM3FWjYj93/a7WSPg==",
      "dev": true,
      "dependencies": {
        "@enhance/css-parser": "^1.0.0"
      }
    },
    "node_modules/@enhance/ssr": {
      "version": "3.5.1",
      "resolved": "https://registry.npmjs.org/@enhance/ssr/-/ssr-3.5.1.tgz",
      "integrity": "sha512-5H/nslcM+wzFytkc5AJ8A4Vf/xBuykz0u0vWQBknNflVbenZeO8hqnG1+Pbuo8CXEqaIxtGPh/4zGgzZkwqa3Q==",
      "dev": true,
      "dependencies": {
        "@begin/parse5": "^0.0.4",
        "nanoid": "^4.0.1"
      },
      "engines": {
        "node": ">=14.0.0"
      }
    },
    "node_modules/@esbuild/darwin-arm64": {
      "version": "0.19.11",
      "resolved": "https://registry.npmjs.org/@esbuild/darwin-arm64/-/darwin-arm64-0.19.11.tgz",
      "integrity": "sha512-ETp87DRWuSt9KdDVkqSoKoLFHYTrkyz2+65fj9nfXsaV3bMhTCjtQfw3y+um88vGRKRiF7erPrh/ZuIdLUIVxQ==",
      "cpu": [
        "arm64"
      ],
      "dev": true,
      "optional": true,
      "os": [
        "darwin"
      ],
      "engines": {
        "node": ">=12"
      }
    },
    "node_modules/atob": {
      "version": "2.1.2",
      "resolved": "https://registry.npmjs.org/atob/-/atob-2.1.2.tgz",
      "integrity": "sha512-Wm6ukoaOGJi/73p/cl2GvLjTI5JM1k/O14isD73YML8StrH/7/lRFgmg8nICZgD3bZZvjwCGxtMOD3wWNAu8cg==",
      "dev": true,
      "bin": {
        "atob": "bin/atob.js"
      },
      "engines": {
        "node": ">= 4.5.0"
      }
    },
    "node_modules/decode-uri-component": {
      "version": "0.2.2",
      "resolved": "https://registry.npmjs.org/decode-uri-component/-/decode-uri-component-0.2.2.tgz",
      "integrity": "sha512-FqUYQ+8o158GyGTrMFJms9qh3CqTKvAqgqsTnkLI8sKu0028orqBhxNMFkFen0zGyg6epACD32pjVk58ngIErQ==",
      "dev": true,
      "engines": {
        "node": ">=0.10"
      }
    },
    "node_modules/entities": {
      "version": "4.5.0",
      "resolved": "https://registry.npmjs.org/entities/-/entities-4.5.0.tgz",
      "integrity": "sha512-V0hjH4dGPh9Ao5p0MoRY6BVqtwCjhz6vI5LT8AJ55H+4g9/4vbHx1I54fS0XuclLhDHArPQCiMjDxjaL8fPxhw==",
      "dev": true,
      "engines": {
        "node": ">=0.12"
      },
      "funding": {
        "url": "https://github.com/fb55/entities?sponsor=1"
      }
    },
    "node_modules/esbuild": {
      "version": "0.19.11",
      "resolved": "https://registry.npmjs.org/esbuild/-/esbuild-0.19.11.tgz",
      "integrity": "sha512-HJ96Hev2hX/6i5cDVwcqiJBBtuo9+FeIJOtZ9W1kA5M6AMJRHUZlpYZ1/SbEwtO0ioNAW8rUooVpC/WehY2SfA==",
      "dev": true,
      "hasInstallScript": true,
      "bin": {
        "esbuild": "bin/esbuild"
      },
      "engines": {
        "node": ">=12"
      },
      "optionalDependencies": {
        "@esbuild/aix-ppc64": "0.19.11",
        "@esbuild/android-arm": "0.19.11",
        "@esbuild/android-arm64": "0.19.11",
        "@esbuild/android-x64": "0.19.11",
        "@esbuild/darwin-arm64": "0.19.11",
        "@esbuild/darwin-x64": "0.19.11",
        "@esbuild/freebsd-arm64": "0.19.11",
        "@esbuild/freebsd-x64": "0.19.11",
        "@esbuild/linux-arm": "0.19.11",
        "@esbuild/linux-arm64": "0.19.11",
        "@esbuild/linux-ia32": "0.19.11",
        "@esbuild/linux-loong64": "0.19.11",
        "@esbuild/linux-mips64el": "0.19.11",
        "@esbuild/linux-ppc64": "0.19.11",
        "@esbuild/linux-riscv64": "0.19.11",
        "@esbuild/linux-s390x": "0.19.11",
        "@esbuild/linux-x64": "0.19.11",
        "@esbuild/netbsd-x64": "0.19.11",
        "@esbuild/openbsd-x64": "0.19.11",
        "@esbuild/sunos-x64": "0.19.11",
        "@esbuild/win32-arm64": "0.19.11",
        "@esbuild/win32-ia32": "0.19.11",
        "@esbuild/win32-x64": "0.19.11"
      }
    },
    "node_modules/inherits": {
      "version": "2.0.4",
      "resolved": "https://registry.npmjs.org/inherits/-/inherits-2.0.4.tgz",
      "integrity": "sha512-k/vGaX4/Yla3WzyMCvTQOXYeIHvqOKtnqBduzTHpzpQZzAskKMhZ2K+EnBiSM9zGSoIFeMpXKxa4dYeZIQqewQ==",
      "dev": true
    },
    "node_modules/nanoid": {
      "version": "4.0.2",
      "resolved": "https://registry.npmjs.org/nanoid/-/nanoid-4.0.2.tgz",
      "integrity": "sha512-7ZtY5KTCNheRGfEFxnedV5zFiORN1+Y1N6zvPTnHQd8ENUvfaDBeuJDZb2bN/oXwXxu3qkTXDzy57W5vAmDTBw==",
      "dev": true,
      "funding": [
        {
          "type": "github",
          "url": "https://github.com/sponsors/ai"
        }
      ],
      "bin": {
        "nanoid": "bin/nanoid.js"
      },
      "engines": {
        "node": "^14 || ^16 || >=18"
      }
    },
    "node_modules/parse5": {
      "version": "7.1.2",
      "resolved": "https://registry.npmjs.org/parse5/-/parse5-7.1.2.tgz",
      "integrity": "sha512-Czj1WaSVpaoj0wbhMzLmWD69anp2WH7FXMB9n1Sy8/ZFF9jolSQVMu1Ij5WIyGmcBmhk7EOndpO4mIpihVqAXw==",
      "dev": true,
      "dependencies": {
        "entities": "^4.4.0"
      },
      "funding": {
        "url": "https://github.com/inikulin/parse5?sponsor=1"
      }
    },
    "node_modules/source-map": {
      "version": "0.6.1",
      "resolved": "https://registry.npmjs.org/source-map/-/source-map-0.6.1.tgz",
      "integrity": "sha512-UjgapumWlbMhkBgzT7Ykc5YXUT46F0iKu8SGXq0bcwP5dz/h0Plj6enJqjz1Zbq2l5WaqYnrVbwWOWMyF3F47g==",
      "dev": true,
      "engines": {
        "node": ">=0.10.0"
      }
    },
    "node_modules/source-map-resolve": {
      "version": "0.6.0",
      "resolved": "https://registry.npmjs.org/source-map-resolve/-/source-map-resolve-0.6.0.tgz",
      "integrity": "sha512-KXBr9d/fO/bWo97NXsPIAW1bFSBOuCnjbNTBMO7N59hsv5i9yzRDfcYwwt0l04+VqnKC+EwzvJZIP/qkuMgR/w==",
      "deprecated": "See https://github.com/lydell/source-map-resolve#deprecated",
      "dev": true,
      "dependencies": {
        "atob": "^2.1.2",
        "decode-uri-component": "^0.2.0"
      }
    },
    "node_modules/wasmtime": {
      "version": "0.0.2",
      "resolved": "https://registry.npmjs.org/wasmtime/-/wasmtime-0.0.2.tgz",
      "integrity": "sha512-M5lc3JhJA3GFw6B2GLk/dwDJl3+zifAiYTsSvLWqlDwPIqkkkOs4csG9+qusFMGPKoUsQTL4cHtLc8WMwRF4Gg==",
      "engines": {
        "node": ">= 14"
      },
      "optionalDependencies": {
        "wasmtime-darwin-x64": "0.0.2",
        "wasmtime-linux-arm64-gnu": "0.0.2",
        "wasmtime-linux-x64-gnu": "0.0.2",
        "wasmtime-win32-x64-msvc": "0.0.2"
      }
    }
  },
  "dependencies": {
    "@begin/parse5": {
      "version": "0.0.4",
      "resolved": "https://registry.npmjs.org/@begin/parse5/-/parse5-0.0.4.tgz",
      "integrity": "sha512-1H5S1AcFqpQfBMG0z4z7URFb5jWCrILIH9MkXSmTsyYd4hj4kgJnpXHGELJE9HnXH1maI/WfHi5j+udDVkvZ9g==",
      "dev": true,
      "requires": {
        "parse5": "^7.0.0"
      }
    },
    "@enhance/css-parser": {
      "version": "1.0.0",
      "resolved": "https://registry.npmjs.org/@enhance/css-parser/-/css-parser-1.0.0.tgz",
      "integrity": "sha512-DG18Jwxvf0WvUtA8VEA+axaIq0aoJzGTd25kdeLDPQcNnq3bWG+TUMPi8oa4btVXwHVyCR7Xsy0jW80m1ZwPow==",
      "dev": true,
      "requires": {
        "inherits": "^2.0.4",
        "source-map": "^0.6.1",
        "source-map-resolve": "^0.6.0"
      }
    },
    "@enhance/enhance-style-transform": {
      "version": "0.1.2",
      "resolved": "https://registry.npmjs.org/@enhance/enhance-style-transform/-/enhance-style-transform-0.1.2.tgz",
      "integrity": "sha512-Hx/c5PfJl4XYToZaKL0b3o54rq4JX5zKD6Z+Pz6BSygnX0xOOHdWriaXxFKDUl1X/VVVlJM3FWjYj93/a7WSPg==",
      "dev": true,
      "requires": {
        "@enhance/css-parser": "^1.0.0"
      }
    },
    "@enhance/ssr": {
      "version": "3.5.1",
      "resolved": "https://registry.npmjs.org/@enhance/ssr/-/ssr-3.5.1.tgz",
      "integrity": "sha512-5H/nslcM+wzFytkc5AJ8A4Vf/xBuykz0u0vWQBknNflVbenZeO8hqnG1+Pbuo8CXEqaIxtGPh/4zGgzZkwqa3Q==",
      "dev": true,
      "requires": {
        "@begin/parse5": "^0.0.4",
        "nanoid": "^4.0.1"
      }
    },
    "@esbuild/darwin-arm64": {
      "version": "0.19.11",
      "resolved": "https://registry.npmjs.org/@esbuild/darwin-arm64/-/darwin-arm64-0.19.11.tgz",
      "integrity": "sha512-ETp87DRWuSt9KdDVkqSoKoLFHYTrkyz2+65fj9nfXsaV3bMhTCjtQfw3y+um88vGRKRiF7erPrh/ZuIdLUIVxQ==",
      "dev": true,
      "optional": true
    },
    "atob": {
      "version": "2.1.2",
      "resolved": "https://registry.npmjs.org/atob/-/atob-2.1.2.tgz",
      "integrity": "sha512-Wm6ukoaOGJi/73p/cl2GvLjTI5JM1k/O14isD73YML8StrH/7/lRFgmg8nICZgD3bZZvjwCGxtMOD3wWNAu8cg==",
      "dev": true
    },
    "decode-uri-component": {
      "version": "0.2.2",
      "resolved": "https://registry.npmjs.org/decode-uri-component/-/decode-uri-component-0.2.2.tgz",
      "integrity": "sha512-FqUYQ+8o158GyGTrMFJms9qh3CqTKvAqgqsTnkLI8sKu0028orqBhxNMFkFen0zGyg6epACD32pjVk58ngIErQ==",
      "dev": true
    },
    "entities": {
      "version": "4.5.0",
      "resolved": "https://registry.npmjs.org/entities/-/entities-4.5.0.tgz",
      "integrity": "sha512-V0hjH4dGPh9Ao5p0MoRY6BVqtwCjhz6vI5LT8AJ55H+4g9/4vbHx1I54fS0XuclLhDHArPQCiMjDxjaL8fPxhw==",
      "dev": true
    },
    "esbuild": {
      "version": "0.19.11",
      "resolved": "https://registry.npmjs.org/esbuild/-/esbuild-0.19.11.tgz",
      "integrity": "sha512-HJ96Hev2hX/6i5cDVwcqiJBBtuo9+FeIJOtZ9W1kA5M6AMJRHUZlpYZ1/SbEwtO0ioNAW8rUooVpC/WehY2SfA==",
      "dev": true,
      "requires": {
        "@esbuild/aix-ppc64": "0.19.11",
        "@esbuild/android-arm": "0.19.11",
        "@esbuild/android-arm64": "0.19.11",
        "@esbuild/android-x64": "0.19.11",
        "@esbuild/darwin-arm64": "0.19.11",
        "@esbuild/darwin-x64": "0.19.11",
        "@esbuild/freebsd-arm64": "0.19.11",
        "@esbuild/freebsd-x64": "0.19.11",
        "@esbuild/linux-arm": "0.19.11",
        "@esbuild/linux-arm64": "0.19.11",
        "@esbuild/linux-ia32": "0.19.11",
        "@esbuild/linux-loong64": "0.19.11",
        "@esbuild/linux-mips64el": "0.19.11",
        "@esbuild/linux-ppc64": "0.19.11",
        "@esbuild/linux-riscv64": "0.19.11",
        "@esbuild/linux-s390x": "0.19.11",
        "@esbuild/linux-x64": "0.19.11",
        "@esbuild/netbsd-x64": "0.19.11",
        "@esbuild/openbsd-x64": "0.19.11",
        "@esbuild/sunos-x64": "0.19.11",
        "@esbuild/win32-arm64": "0.19.11",
        "@esbuild/win32-ia32": "0.19.11",
        "@esbuild/win32-x64": "0.19.11"
      }
    },
    "inherits": {
      "version": "2.0.4",
      "resolved": "https://registry.npmjs.org/inherits/-/inherits-2.0.4.tgz",
      "integrity": "sha512-k/vGaX4/Yla3WzyMCvTQOXYeIHvqOKtnqBduzTHpzpQZzAskKMhZ2K+EnBiSM9zGSoIFeMpXKxa4dYeZIQqewQ==",
      "dev": true
    },
    "nanoid": {
      "version": "4.0.2",
      "resolved": "https://registry.npmjs.org/nanoid/-/nanoid-4.0.2.tgz",
      "integrity": "sha512-7ZtY5KTCNheRGfEFxnedV5zFiORN1+Y1N6zvPTnHQd8ENUvfaDBeuJDZb2bN/oXwXxu3qkTXDzy57W5vAmDTBw==",
      "dev": true
    },
    "parse5": {
      "version": "7.1.2",
      "resolved": "https://registry.npmjs.org/parse5/-/parse5-7.1.2.tgz",
      "integrity": "sha512-Czj1WaSVpaoj0wbhMzLmWD69anp2WH7FXMB9n1Sy8/ZFF9jolSQVMu1Ij5WIyGmcBmhk7EOndpO4mIpihVqAXw==",
      "dev": true,
      "requires": {
        "entities": "^4.4.0"
      }
    },
    "source-map": {
      "version": "0.6.1",
      "resolved": "https://registry.npmjs.org/source-map/-/source-map-0.6.1.tgz",
      "integrity": "sha512-UjgapumWlbMhkBgzT7Ykc5YXUT46F0iKu8SGXq0bcwP5dz/h0Plj6enJqjz1Zbq2l5WaqYnrVbwWOWMyF3F47g==",
      "dev": true
    },
    "source-map-resolve": {
      "version": "0.6.0",
      "resolved": "https://registry.npmjs.org/source-map-resolve/-/source-map-resolve-0.6.0.tgz",
      "integrity": "sha512-KXBr9d/fO/bWo97NXsPIAW1bFSBOuCnjbNTBMO7N59hsv5i9yzRDfcYwwt0l04+VqnKC+EwzvJZIP/qkuMgR/w==",
      "dev": true,
      "requires": {
        "atob": "^2.1.2",
        "decode-uri-component": "^0.2.0"
      }
    },
    "wasmtime": {
      "version": "https://registry.npmjs.org/wasmtime/-/wasmtime-0.0.2.tgz",
      "integrity": "sha512-M5lc3JhJA3GFw6B2GLk/dwDJl3+zifAiYTsSvLWqlDwPIqkkkOs4csG9+qusFMGPKoUsQTL4cHtLc8WMwRF4Gg==",
      "requires": {
        "wasmtime-darwin-x64": "0.0.2",
        "wasmtime-linux-arm64-gnu": "0.0.2",
        "wasmtime-linux-x64-gnu": "0.0.2",
        "wasmtime-win32-x64-msvc": "0.0.2"
      }
    }
  }
}
